
Microsoft Visual Studio Solution File, Format Version 12.00
# Visual Studio 2013
VisualStudioVersion = 12.0.31101.0
MinimumVisualStudioVersion = 10.0.40219.1
Project("{FAE04EC0-301F-11D3-BF4B-00C04F79EFBC}") = "Host", "Host\Host.csproj", "{36361264-7E22-4103-A1BC-1F3A3458699E}"
EndProject
Project("{FAE04EC0-301F-11D3-BF4B-00C04F79EFBC}") = "Target", "Target\Target.csproj", "{4589C7A2-D420-499A-946F-748840AA16A5}"
EndProject
Project("{FAE04EC0-301F-11D3-BF4B-00C04F79EFBC}") = "TargetTests", "TargetTests\TargetTests.csproj", "{B54AC6DA-B517-461A-B62E-D621119B651D}"
EndProject
Project("{8BC9CEB8-8B4A-11D0-8D11-00A0C91BC942}") = "SpikeProfiler", "SpikeProfiler\SpikeProfiler.vcxproj", "{0F92FF72-16CE-4248-A3DC-539D93B0D6CB}"
	ProjectSection(ProjectDependencies) = postProject
		{CA738FFB-D159-4924-9ED5-4B54AF16AA63} = {CA738FFB-D159-4924-9ED5-4B54AF16AA63}
	EndProjectSection
EndProject
Project("{FAE04EC0-301F-11D3-BF4B-00C04F79EFBC}") = "Injected", "Injected\Injected.csproj", "{CA738FFB-D159-4924-9ED5-4B54AF16AA63}"
EndProject
Global
	GlobalSection(SolutionConfigurationPlatforms) = preSolution
		Debug|Any CPU = Debug|Any CPU
		Debug|Win32 = Debug|Win32
		Debug|x64 = Debug|x64
		Release|Any CPU = Release|Any CPU
		Release|Win32 = Release|Win32
		Release|x64 = Release|x64
	EndGlobalSection
	GlobalSection(ProjectConfigurationPlatforms) = postSolution
		{36361264-7E22-4103-A1BC-1F3A3458699E}.Debug|Any CPU.ActiveCfg = Debug|Any CPU
		{36361264-7E22-4103-A1BC-1F3A3458699E}.Debug|Any CPU.Build.0 = Debug|Any CPU
		{36361264-7E22-4103-A1BC-1F3A3458699E}.Debug|Win32.ActiveCfg = Debug|Any CPU
		{36361264-7E22-4103-A1BC-1F3A3458699E}.Debug|x64.ActiveCfg = Debug|Any CPU
		{36361264-7E22-4103-A1BC-1F3A3458699E}.Release|Any CPU.ActiveCfg = Release|Any CPU
		{36361264-7E22-4103-A1BC-1F3A3458699E}.Release|Any CPU.Build.0 = Release|Any CPU
		{36361264-7E22-4103-A1BC-1F3A3458699E}.Release|Win32.ActiveCfg = Release|Any CPU
		{36361264-7E22-4103-A1BC-1F3A3458699E}.Release|x64.ActiveCfg = Release|Any CPU
		{4589C7A2-D420-499A-946F-748840AA16A5}.Debug|Any CPU.ActiveCfg = Debug|Any CPU
		{4589C7A2-D420-499A-946F-748840AA16A5}.Debug|Any CPU.Build.0 = Debug|Any CPU
		{4589C7A2-D420-499A-946F-748840AA16A5}.Debug|Win32.ActiveCfg = Debug|Any CPU
		{4589C7A2-D420-499A-946F-748840AA16A5}.Debug|x64.ActiveCfg = Debug|Any CPU
		{4589C7A2-D420-499A-946F-748840AA16A5}.Release|Any CPU.ActiveCfg = Release|Any CPU
		{4589C7A2-D420-499A-946F-748840AA16A5}.Release|Any CPU.Build.0 = Release|Any CPU
		{4589C7A2-D420-499A-946F-748840AA16A5}.Release|Win32.ActiveCfg = Release|Any CPU
		{4589C7A2-D420-499A-946F-748840AA16A5}.Release|x64.ActiveCfg = Release|Any CPU
		{B54AC6DA-B517-461A-B62E-D621119B651D}.Debug|Any CPU.ActiveCfg = Debug|Any CPU
		{B54AC6DA-B517-461A-B62E-D621119B651D}.Debug|Any CPU.Build.0 = Debug|Any CPU
		{B54AC6DA-B517-461A-B62E-D621119B651D}.Debug|Win32.ActiveCfg = Debug|Any CPU
		{B54AC6DA-B517-461A-B62E-D621119B651D}.Debug|x64.ActiveCfg = Debug|Any CPU
		{B54AC6DA-B517-461A-B62E-D621119B651D}.Release|Any CPU.ActiveCfg = Release|Any CPU
		{B54AC6DA-B517-461A-B62E-D621119B651D}.Release|Any CPU.Build.0 = Release|Any CPU
		{B54AC6DA-B517-461A-B62E-D621119B651D}.Release|Win32.ActiveCfg = Release|Any CPU
		{B54AC6DA-B517-461A-B62E-D621119B651D}.Release|x64.ActiveCfg = Release|Any CPU
		{0F92FF72-16CE-4248-A3DC-539D93B0D6CB}.Debug|Any CPU.ActiveCfg = Debug|Win32
		{0F92FF72-16CE-4248-A3DC-539D93B0D6CB}.Debug|Win32.ActiveCfg = Debug|Win32
		{0F92FF72-16CE-4248-A3DC-539D93B0D6CB}.Debug|Win32.Build.0 = Debug|Win32
		{0F92FF72-16CE-4248-A3DC-539D93B0D6CB}.Debug|x64.ActiveCfg = Debug|x64
		{0F92FF72-16CE-4248-A3DC-539D93B0D6CB}.Debug|x64.Build.0 = Debug|x64
		{0F92FF72-16CE-4248-A3DC-539D93B0D6CB}.Release|Any CPU.ActiveCfg = Release|Win32
		{0F92FF72-16CE-4248-A3DC-539D93B0D6CB}.Release|Win32.ActiveCfg = Release|Win32
		{0F92FF72-16CE-4248-A3DC-539D93B0D6CB}.Release|Win32.Build.0 = Release|Win32
		{0F92FF72-16CE-4248-A3DC-539D93B0D6CB}.Release|x64.ActiveCfg = Release|x64
		{0F92FF72-16CE-4248-A3DC-539D93B0D6CB}.Release|x64.Build.0 = Release|x64
		{CA738FFB-D159-4924-9ED5-4B54AF16AA63}.Debug|Any CPU.ActiveCfg = Debug|Any CPU
		{CA738FFB-D159-4924-9ED5-4B54AF16AA63}.Debug|Any CPU.Build.0 = Debug|Any CPU
		{CA738FFB-D159-4924-9ED5-4B54AF16AA63}.Debug|Win32.ActiveCfg = Debug|Any CPU
		{CA738FFB-D159-4924-9ED5-4B54AF16AA63}.Debug|x64.ActiveCfg = Debug|Any CPU
		{CA738FFB-D159-4924-9ED5-4B54AF16AA63}.Release|Any CPU.ActiveCfg = Release|Any CPU
		{CA738FFB-D159-4924-9ED5-4B54AF16AA63}.Release|Any CPU.Build.0 = Release|Any CPU
		{CA738FFB-D159-4924-9ED5-4B54AF16AA63}.Release|Win32.ActiveCfg = Release|Any CPU
		{CA738FFB-D159-4924-9ED5-4B54AF16AA63}.Release|x64.ActiveCfg = Release|Any CPU
	EndGlobalSection
	GlobalSection(SolutionProperties) = preSolution
		HideSolutionNode = FALSE
	EndGlobalSection
EndGlobal
